
Microsoft Visual Studio Solution File, Format Version 12.00
# Visual Studio 14
VisualStudioVersion = 14.0.25123.0
MinimumVisualStudioVersion = 10.0.40219.1
Project("{FAE04EC0-301F-11D3-BF4B-00C04F79EFBC}") = "MVCtutorial", "MVCtutorial\MVCtutorial.csproj", "{5F3840C5-A61B-485B-8645-1BE4C3FE6E75}"
EndProject
Project("{FAE04EC0-301F-11D3-BF4B-00C04F79EFBC}") = "MVCtutorial.Tests", "MVCtutorial.Tests\MVCtutorial.Tests.csproj", "{6A6051BF-22FC-4E06-9FA7-68ADB2203DFC}"
EndProject
Global
	GlobalSection(SolutionConfigurationPlatforms) = preSolution
		Debug|Any CPU = Debug|Any CPU
		Release|Any CPU = Release|Any CPU
	EndGlobalSection
	GlobalSection(ProjectConfigurationPlatforms) = postSolution
		{5F3840C5-A61B-485B-8645-1BE4C3FE6E75}.Debug|Any CPU.ActiveCfg = Debug|Any CPU
		{5F3840C5-A61B-485B-8645-1BE4C3FE6E75}.Debug|Any CPU.Build.0 = Debug|Any CPU
		{5F3840C5-A61B-485B-8645-1BE4C3FE6E75}.Release|Any CPU.ActiveCfg = Release|Any CPU
		{5F3840C5-A61B-485B-8645-1BE4C3FE6E75}.Release|Any CPU.Build.0 = Release|Any CPU
		{6A6051BF-22FC-4E06-9FA7-68ADB2203DFC}.Debug|Any CPU.ActiveCfg = Debug|Any CPU
		{6A6051BF-22FC-4E06-9FA7-68ADB2203DFC}.Debug|Any CPU.Build.0 = Debug|Any CPU
		{6A6051BF-22FC-4E06-9FA7-68ADB2203DFC}.Release|Any CPU.ActiveCfg = Release|Any CPU
		{6A6051BF-22FC-4E06-9FA7-68ADB2203DFC}.Release|Any CPU.Build.0 = Release|Any CPU
	EndGlobalSection
	GlobalSection(SolutionProperties) = preSolution
		HideSolutionNode = FALSE
	EndGlobalSection
EndGlobal
